
Microsoft Visual Studio Solution File, Format Version 12.00
# Visual Studio 14
VisualStudioVersion = 14.0.24720.0
MinimumVisualStudioVersion = 10.0.40219.1
Project("{8BB2217D-0F2D-49D1-97BC-3654ED321F3B}") = "Cookbook", "Cookbook\Cookbook.xproj", "{87C607F7-41DC-4F92-8369-A1B1C38C5F81}"
EndProject
Global
	GlobalSection(SolutionConfigurationPlatforms) = preSolution
		Debug|Any CPU = Debug|Any CPU
		Release|Any CPU = Release|Any CPU
	EndGlobalSection
	GlobalSection(ProjectConfigurationPlatforms) = postSolution
		{87C607F7-41DC-4F92-8369-A1B1C38C5F81}.Debug|Any CPU.ActiveCfg = Debug|Any CPU
		{87C607F7-41DC-4F92-8369-A1B1C38C5F81}.Debug|Any CPU.Build.0 = Debug|Any CPU
		{87C607F7-41DC-4F92-8369-A1B1C38C5F81}.Release|Any CPU.ActiveCfg = Release|Any CPU
		{87C607F7-41DC-4F92-8369-A1B1C38C5F81}.Release|Any CPU.Build.0 = Release|Any CPU
	EndGlobalSection
	GlobalSection(SolutionProperties) = preSolution
		HideSolutionNode = FALSE
	EndGlobalSection
EndGlobal
